Microsoft Visual Studio Solution File, Format Version 12.00
# Visual Studio Version 17
VisualStudioVersion = 17.9.34616.47
MinimumVisualStudioVersion = 10.0.40219.1
Project("{2150E333-8FDC-42A3-9474-1A3956D46DE8}") = "Solution Items", "Solution Items", "{57DC40B6-4431-4C41-8FB5-7D265B6A21C8}"
EndProject
Project("{9A19103F-16F7-4668-BE54-9A1E7A4F7556}") = "TubesKelompok5", "TubesKelompok5\TubesKelompok5.csproj", "{EDE43FD6-B92C-4528-8275-147B57C109B3}"
EndProject
Project("{9A19103F-16F7-4668-BE54-9A1E7A4F7556}") = "UnitTesting_Iqbal_1302223050", "UnitTesting_Iqbal_1302223050\UnitTesting_Iqbal_1302223050.csproj", "{6E04DDC5-9EC1-4230-A8AA-B79E05985652}"
EndProject
Project("{9A19103F-16F7-4668-BE54-9A1E7A4F7556}") = "LibraryTubes", "LibraryTubes\LibraryTubes.csproj", "{B844B064-9986-4D39-9587-55E867E56A0F}"
EndProject
Project("{9A19103F-16F7-4668-BE54-9A1E7A4F7556}") = "UnitTestSearchLowongan", "UnitTestSearchLowongan\UnitTestSearchLowongan.csproj", "{72852290-8F0C-4CEB-A7B4-28EB9A185E3F}"
EndProject
Project("{9A19103F-16F7-4668-BE54-9A1E7A4F7556}") = "TestProject", "TestProject\TestProject.csproj", "{ABAF1CF8-D467-40D3-975B-FD3BAFA2D771}"
EndProject
Project("{9A19103F-16F7-4668-BE54-9A1E7A4F7556}") = "TestUnitEditLowongan", "TestUnitEditLowongan\TestUnitEditLowongan.csproj", "{9129404D-FFC7-41A3-90BA-BBCBA06D3FF2}"
EndProject
Global
	GlobalSection(SolutionConfigurationPlatforms) = preSolution
		Debug|Any CPU = Debug|Any CPU
		Release|Any CPU = Release|Any CPU
	EndGlobalSection
	GlobalSection(ProjectConfigurationPlatforms) = postSolution
		{EDE43FD6-B92C-4528-8275-147B57C109B3}.Debug|Any CPU.ActiveCfg = Debug|Any CPU
		{EDE43FD6-B92C-4528-8275-147B57C109B3}.Debug|Any CPU.Build.0 = Debug|Any CPU
		{EDE43FD6-B92C-4528-8275-147B57C109B3}.Release|Any CPU.ActiveCfg = Release|Any CPU
		{EDE43FD6-B92C-4528-8275-147B57C109B3}.Release|Any CPU.Build.0 = Release|Any CPU
		{6E04DDC5-9EC1-4230-A8AA-B79E05985652}.Debug|Any CPU.ActiveCfg = Debug|Any CPU
		{6E04DDC5-9EC1-4230-A8AA-B79E05985652}.Debug|Any CPU.Build.0 = Debug|Any CPU
		{6E04DDC5-9EC1-4230-A8AA-B79E05985652}.Release|Any CPU.ActiveCfg = Release|Any CPU
		{6E04DDC5-9EC1-4230-A8AA-B79E05985652}.Release|Any CPU.Build.0 = Release|Any CPU
		{B844B064-9986-4D39-9587-55E867E56A0F}.Debug|Any CPU.ActiveCfg = Debug|Any CPU
		{B844B064-9986-4D39-9587-55E867E56A0F}.Debug|Any CPU.Build.0 = Debug|Any CPU
		{B844B064-9986-4D39-9587-55E867E56A0F}.Release|Any CPU.ActiveCfg = Release|Any CPU
		{B844B064-9986-4D39-9587-55E867E56A0F}.Release|Any CPU.Build.0 = Release|Any CPU
		{72852290-8F0C-4CEB-A7B4-28EB9A185E3F}.Debug|Any CPU.ActiveCfg = Debug|Any CPU
		{72852290-8F0C-4CEB-A7B4-28EB9A185E3F}.Debug|Any CPU.Build.0 = Debug|Any CPU
		{72852290-8F0C-4CEB-A7B4-28EB9A185E3F}.Release|Any CPU.ActiveCfg = Release|Any CPU
		{72852290-8F0C-4CEB-A7B4-28EB9A185E3F}.Release|Any CPU.Build.0 = Release|Any CPU
		{ABAF1CF8-D467-40D3-975B-FD3BAFA2D771}.Debug|Any CPU.ActiveCfg = Debug|Any CPU
		{ABAF1CF8-D467-40D3-975B-FD3BAFA2D771}.Debug|Any CPU.Build.0 = Debug|Any CPU
		{ABAF1CF8-D467-40D3-975B-FD3BAFA2D771}.Release|Any CPU.ActiveCfg = Release|Any CPU
		{ABAF1CF8-D467-40D3-975B-FD3BAFA2D771}.Release|Any CPU.Build.0 = Release|Any CPU
		{9129404D-FFC7-41A3-90BA-BBCBA06D3FF2}.Debug|Any CPU.ActiveCfg = Debug|Any CPU
		{9129404D-FFC7-41A3-90BA-BBCBA06D3FF2}.Debug|Any CPU.Build.0 = Debug|Any CPU
		{9129404D-FFC7-41A3-90BA-BBCBA06D3FF2}.Release|Any CPU.ActiveCfg = Release|Any CPU
		{9129404D-FFC7-41A3-90BA-BBCBA06D3FF2}.Release|Any CPU.Build.0 = Release|Any CPU
	EndGlobalSection
	GlobalSection(SolutionProperties) = preSolution
		HideSolutionNode = FALSE
	EndGlobalSection
	GlobalSection(NestedProjects) = preSolution
		{6E04DDC5-9EC1-4230-A8AA-B79E05985652} = {57DC40B6-4431-4C41-8FB5-7D265B6A21C8}
		{72852290-8F0C-4CEB-A7B4-28EB9A185E3F} = {57DC40B6-4431-4C41-8FB5-7D265B6A21C8}
		{ABAF1CF8-D467-40D3-975B-FD3BAFA2D771} = {57DC40B6-4431-4C41-8FB5-7D265B6A21C8}
	EndGlobalSection
	GlobalSection(ExtensibilityGlobals) = postSolution
		SolutionGuid = {74DCFAC1-F2CB-43EE-9249-A012FE85935A}
	EndGlobalSection
EndGlobal
